
Microsoft Visual Studio Solution File, Format Version 12.00
# Visual Studio 14
VisualStudioVersion = 14.0.25123.0
MinimumVisualStudioVersion = 10.0.40219.1
Project("{F2A71F9B-5D33-465A-A702-920D77279786}") = "SDLFS", "SDLFS.fsproj", "{35944972-B952-4BA2-A07F-DDD36BDCB79B}"
EndProject
Global
	GlobalSection(SolutionConfigurationPlatforms) = preSolution
		Debug|Any CPU = Debug|Any CPU
		Debug|x64 = Debug|x64
		Release|Any CPU = Release|Any CPU
		Release|x64 = Release|x64
	EndGlobalSection
	GlobalSection(ProjectConfigurationPlatforms) = postSolution
		{35944972-B952-4BA2-A07F-DDD36BDCB79B}.Debug|Any CPU.ActiveCfg = Debug|x64
		{35944972-B952-4BA2-A07F-DDD36BDCB79B}.Debug|Any CPU.Build.0 = Debug|x64
		{35944972-B952-4BA2-A07F-DDD36BDCB79B}.Debug|x64.ActiveCfg = Debug|x64
		{35944972-B952-4BA2-A07F-DDD36BDCB79B}.Debug|x64.Build.0 = Debug|x64
		{35944972-B952-4BA2-A07F-DDD36BDCB79B}.Release|Any CPU.ActiveCfg = Release|Any CPU
		{35944972-B952-4BA2-A07F-DDD36BDCB79B}.Release|Any CPU.Build.0 = Release|Any CPU
		{35944972-B952-4BA2-A07F-DDD36BDCB79B}.Release|x64.ActiveCfg = Release|Any CPU
		{35944972-B952-4BA2-A07F-DDD36BDCB79B}.Release|x64.Build.0 = Release|Any CPU
	EndGlobalSection
	GlobalSection(SolutionProperties) = preSolution
		HideSolutionNode = FALSE
	EndGlobalSection
EndGlobal
